
Microsoft Visual Studio Solution File, Format Version 12.00
# Visual Studio Version 16
VisualStudioVersion = 16.0.30717.126
MinimumVisualStudioVersion = 10.0.40219.1
Project("{FAE04EC0-301F-11D3-BF4B-00C04F79EFBC}") = "Assignment", "Assignment\Assignment.csproj", "{AA2EC610-B896-4CE4-9ED4-7FF1E74D8450}"
EndProject
Global
	GlobalSection(SolutionConfigurationPlatforms) = preSolution
		Debug|Any CPU = Debug|Any CPU
		Release|Any CPU = Release|Any CPU
	EndGlobalSection
	GlobalSection(ProjectConfigurationPlatforms) = postSolution
		{AA2EC610-B896-4CE4-9ED4-7FF1E74D8450}.Debug|Any CPU.ActiveCfg = Debug|Any CPU
		{AA2EC610-B896-4CE4-9ED4-7FF1E74D8450}.Debug|Any CPU.Build.0 = Debug|Any CPU
		{AA2EC610-B896-4CE4-9ED4-7FF1E74D8450}.Release|Any CPU.ActiveCfg = Release|Any CPU
		{AA2EC610-B896-4CE4-9ED4-7FF1E74D8450}.Release|Any CPU.Build.0 = Release|Any CPU
	EndGlobalSection
	GlobalSection(SolutionProperties) = preSolution
		HideSolutionNode = FALSE
	EndGlobalSection
	GlobalSection(ExtensibilityGlobals) = postSolution
		SolutionGuid = {142B71DA-7966-46D6-AF46-AF8B975028C1}
	EndGlobalSection
EndGlobal
